
Microsoft Visual Studio Solution File, Format Version 12.00
# Visual Studio Version 17
VisualStudioVersion = 17.11.35208.52
MinimumVisualStudioVersion = 10.0.40219.1
Project("{9A19103F-16F7-4668-BE54-9A1E7A4F7556}") = "TWISTServer", "TWIST.Server\TWISTServer.csproj", "{87322F08-CA97-4708-B6FD-2466557AF20A}"
EndProject
Project("{54A90642-561A-4BB1-A94E-469ADEE60C69}") = "twistclient", "twist.client\twistclient.esproj", "{015E2C0E-1D05-4AED-81A0-715827E88934}"
EndProject
Global
	GlobalSection(SolutionConfigurationPlatforms) = preSolution
		Debug|Any CPU = Debug|Any CPU
		Release|Any CPU = Release|Any CPU
	EndGlobalSection
	GlobalSection(ProjectConfigurationPlatforms) = postSolution
		{87322F08-CA97-4708-B6FD-2466557AF20A}.Debug|Any CPU.ActiveCfg = Debug|Any CPU
		{87322F08-CA97-4708-B6FD-2466557AF20A}.Debug|Any CPU.Build.0 = Debug|Any CPU
		{87322F08-CA97-4708-B6FD-2466557AF20A}.Release|Any CPU.ActiveCfg = Release|Any CPU
		{87322F08-CA97-4708-B6FD-2466557AF20A}.Release|Any CPU.Build.0 = Release|Any CPU
		{015E2C0E-1D05-4AED-81A0-715827E88934}.Debug|Any CPU.ActiveCfg = Debug|Any CPU
		{015E2C0E-1D05-4AED-81A0-715827E88934}.Debug|Any CPU.Build.0 = Debug|Any CPU
		{015E2C0E-1D05-4AED-81A0-715827E88934}.Debug|Any CPU.Deploy.0 = Debug|Any CPU
		{015E2C0E-1D05-4AED-81A0-715827E88934}.Release|Any CPU.ActiveCfg = Release|Any CPU
		{015E2C0E-1D05-4AED-81A0-715827E88934}.Release|Any CPU.Build.0 = Release|Any CPU
		{015E2C0E-1D05-4AED-81A0-715827E88934}.Release|Any CPU.Deploy.0 = Release|Any CPU
	EndGlobalSection
	GlobalSection(SolutionProperties) = preSolution
		HideSolutionNode = FALSE
	EndGlobalSection
	GlobalSection(ExtensibilityGlobals) = postSolution
		SolutionGuid = {9AB70D72-31BA-4E1E-8897-A4F3449F2B46}
	EndGlobalSection
EndGlobal
